// !$*UTF8*$!
{
	archiveVersion = 1;
	classes = {
	};
	objectVersion = 46;
	objects = {

/* Begin PBXBuildFile section */
		D25D0F871C7478F500AA3CAF /* AppDelegate.swift in Sources */ = {isa = PBXBuildFile; fileRef = D25D0F861C7478F500AA3CAF /* AppDelegate.swift */; };
		D25D0F891C7478F500AA3CAF /* ViewController.swift in Sources */ = {isa = PBXBuildFile; fileRef = D25D0F881C7478F500AA3CAF /* ViewController.swift */; };
		D25D0F8C1C7478F500AA3CAF /* Main.storyboard in Resources */ = {isa = PBXBuildFile; fileRef = D25D0F8A1C7478F500AA3CAF /* Main.storyboard */; };
		D25D0F8E1C7478F500AA3CAF /* Assets.xcassets in Resources */ = {isa = PBXBuildFile; fileRef = D25D0F8D1C7478F500AA3CAF /* Assets.xcassets */; };
		D25D0F911C7478F500AA3CAF /* LaunchScreen.storyboard in Resources */ = {isa = PBXBuildFile; fileRef = D25D0F8F1C7478F500AA3CAF /* LaunchScreen.storyboard */; };
		D25D0F991C7480B200AA3CAF /* pokemon.csv in Resources */ = {isa = PBXBuildFile; fileRef = D25D0F981C7480B200AA3CAF /* pokemon.csv */; };
/* End PBXBuildFile section */

/* Begin PBXFileReference section */
		D25D0F831C7478F500AA3CAF /* Pokedex.app */ = {isa = PBXFileReference; explicitFileType = wrapper.application; includeInIndex = 0; path = Pokedex.app; sourceTree = BUILT_PRODUCTS_DIR; };
		D25D0F861C7478F500AA3CAF /* AppDelegate.swift */ = {isa = PBXFileReference; lastKnownFileType = sourcecode.swift; path = AppDelegate.swift; sourceTree = "<group>"; };
		D25D0F881C7478F500AA3CAF /* ViewController.swift */ = {isa = PBXFileReference; lastKnownFileType = sourcecode.swift; path = ViewController.swift; sourceTree = "<group>"; };
		D25D0F8B1C7478F500AA3CAF /* Base */ = {isa = PBXFileReference; lastKnownFileType = file.storyboard; name = Base; path = Base.lproj/Main.storyboard; sourceTree = "<group>"; };
		D25D0F8D1C7478F500AA3CAF /* Assets.xcassets */ = {isa = PBXFileReference; lastKnownFileType = folder.assetcatalog; path = Assets.xcassets; sourceTree = "<group>"; };
		D25D0F901C7478F500AA3CAF /* Base */ = {isa = PBXFileReference; lastKnownFileType = file.storyboard; name = Base; path = Base.lproj/LaunchScreen.storyboard; sourceTree = "<group>"; };
		D25D0F921C7478F500AA3CAF /* Info.plist */ = {isa = PBXFileReference; lastKnownFileType = text.plist.xml; path = Info.plist; sourceTree = "<group>"; };
		D25D0F981C7480B200AA3CAF /* pokemon.csv */ = {isa = PBXFileReference; fileEncoding = 4; lastKnownFileType = text; path = pokemon.csv; sourceTree = "<group>"; };
/* End PBXFileReference section */

/* Begin PBXFrameworksBuildPhase section */
		D25D0F801C7478F500AA3CAF /* Frameworks */ = {
			isa = PBXFrameworksBuildPhase;
			buildActionMask = 2147483647;
			files = (
			);
			runOnlyForDeploymentPostprocessing = 0;
		};
/* End PBXFrameworksBuildPhase section */

/* Begin PBXGroup section */
		D25D0F7A1C7478F500AA3CAF = {
			isa = PBXGroup;
			children = (
				D25D0F851C7478F500AA3CAF /* Pokedex */,
				D25D0F841C7478F500AA3CAF /* Products */,
			);
			sourceTree = "<group>";
		};
		D25D0F841C7478F500AA3CAF /* Products */ = {
			isa = PBXGroup;
			children = (
				D25D0F831C7478F500AA3CAF /* Pokedex.app */,
			);
			name = Products;
			sourceTree = "<group>";
		};
		D25D0F851C7478F500AA3CAF /* Pokedex */ = {
			isa = PBXGroup;
			children = (
				D25D0F861C7478F500AA3CAF /* AppDelegate.swift */,
				D25D0F881C7478F500AA3CAF /* ViewController.swift */,
				D25D0F981C7480B200AA3CAF /* pokemon.csv */,
				D25D0F8A1C7478F500AA3CAF /* Main.storyboard */,
				D25D0F8D1C7478F500AA3CAF /* Assets.xcassets */,
				D25D0F8F1C7478F500AA3CAF /* LaunchScreen.storyboard */,
				D25D0F921C7478F500AA3CAF /* Info.plist */,
			);
			path = Pokedex;
			sourceTree = "<group>";
		};
/* End PBXGroup section */

/* Begin PBXNativeTarget section */
		D25D0F821C7478F500AA3CAF /* Pokedex */ = {
			isa = PBXNativeTarget;
			buildConfigurationList = D25D0F951C7478F500AA3CAF /* Build configuration list for PBXNativeTarget "Pokedex" */;
			buildPhases = (
				D25D0F7F1C7478F500AA3CAF /* Sources */,
				D25D0F801C7478F500AA3CAF /* Frameworks */,
				D25D0F811C7478F500AA3CAF /* Resources */,
			);
			buildRules = (
			);
			dependencies = (
			);
			name = Pokedex;
			productName = Pokedex;
			productReference = D25D0F831C7478F500AA3CAF /* Pokedex.app */;
			productType = "com.apple.product-type.application";
		};
/* End PBXNativeTarget section */

/* Begin PBXProject section */
		D25D0F7B1C7478F500AA3CAF /* Project object */ = {
			isa = PBXProject;
			attributes = {
				LastSwiftUpdateCheck = 0720;
				LastUpgradeCheck = 0720;
				ORGANIZATIONNAME = "Ruslan Sabirov";
				TargetAttributes = {
					D25D0F821C7478F500AA3CAF = {
						CreatedOnToolsVersion = 7.2;
						DevelopmentTeam = 6XQM883X7Y;
					};
				};
			};
			buildConfigurationList = D25D0F7E1C7478F500AA3CAF /* Build configuration list for PBXProject "Pokedex" */;
			compatibilityVersion = "Xcode 3.2";
			developmentRegion = English;
			hasScannedForEncodings = 0;
			knownRegions = (
				en,
				Base,
			);
			mainGroup = D25D0F7A1C7478F500AA3CAF;
			productRefGroup = D25D0F841C7478F500AA3CAF /* Products */;
			projectDirPath = "";
			projectRoot = "";
			targets = (
				D25D0F821C7478F500AA3CAF /* Pokedex */,
			);
		};
/* End PBXProject section */

/* Begin PBXResourcesBuildPhase section */
		D25D0F811C7478F500AA3CAF /* Resources */ = {
			isa = PBXResourcesBuildPhase;
			buildActionMask = 2147483647;
			files = (
				D25D0F911C7478F500AA3CAF /* LaunchScreen.storyboard in Resources */,
				D25D0F8E1C7478F500AA3CAF /* Assets.xcassets in Resources */,
				D25D0F991C7480B200AA3CAF /* pokemon.csv in Resources */,
				D25D0F8C1C7478F500AA3CAF /* Main.storyboard in Resources */,
			);
			runOnlyForDeploymentPostprocessing = 0;
		};
/* End PBXResourcesBuildPhase section */

/* Begin PBXSourcesBuildPhase section */
		D25D0F7F1C7478F500AA3CAF /* Sources */ = {
			isa = PBXSourcesBuildPhase;
			buildActionMask = 2147483647;
			files = (
				D25D0F891C7478F500AA3CAF /* ViewController.swift in Sources */,
				D25D0F871C7478F500AA3CAF /* AppDelegate.swift in Sources */,
			);
			runOnlyForDeploymentPostprocessing = 0;
		};
/* End PBXSourcesBuildPhase section */

/* Begin PBXVariantGroup section */
		D25D0F8A1C7478F500AA3CAF /* Main.storyboard */ = {
			isa = PBXVariantGroup;
			children = (
				D25D0F8B1C7478F500AA3CAF /* Base */,
			);
			name = Main.storyboard;
			sourceTree = "<group>";
		};
		D25D0F8F1C7478F500AA3CAF /* LaunchScreen.storyboard */ = {
			isa = PBXVariantGroup;
			children = (
				D25D0F901C7478F500AA3CAF /* Base */,
			);
			name = LaunchScreen.storyboard;
			sourceTree = "<group>";
		};
/* End PBXVariantGroup section */

/* Begin XCBuildConfiguration section */
		D25D0F931C7478F500AA3CAF /* Debug */ = {
			isa = XCBuildConfiguration;
			buildSettings = {
				ALWAYS_SEARCH_USER_PATHS = NO;
				CLANG_CXX_LANGUAGE_STANDARD = "gnu++0x";
				CLANG_CXX_LIBRARY = "libc++";
				CLANG_ENABLE_MODULES = YES;
				CLANG_ENABLE_OBJC_ARC = YES;
				CLANG_WARN_BOOL_CONVERSION = YES;
				CLANG_WARN_CONSTANT_CONVERSION = YES;
				CLANG_WARN_DIRECT_OBJC_ISA_USAGE = YES_ERROR;
				CLANG_WARN_EMPTY_BODY = YES;
				CLANG_WARN_ENUM_CONVERSION = YES;
				CLANG_WARN_INT_CONVERSION = YES;
				CLANG_WARN_OBJC_ROOT_CLASS = YES_ERROR;
				CLANG_WARN_UNREACHABLE_CODE = YES;
				CLANG_WARN__DUPLICATE_METHOD_MATCH = YES;
				"CODE_SIGN_IDENTITY[sdk=iphoneos*]" = "iPhone Developer";
				COPY_PHASE_STRIP = NO;
				DEBUG_INFORMATION_FORMAT = dwarf;
				ENABLE_STRICT_OBJC_MSGSEND = YES;
				ENABLE_TESTABILITY = YES;
				GCC_C_LANGUAGE_STANDARD = gnu99;
				GCC_DYNAMIC_NO_PIC = NO;
				GCC_NO_COMMON_BLOCKS = YES;
				GCC_OPTIMIZATION_LEVEL = 0;
				GCC_PREPROCESSOR_DEFINITIONS = (
					"DEBUG=1",
					"$(inherited)",
				);
				GCC_WARN_64_TO_32_BIT_CONVERSION = YES;
				GCC_WARN_ABOUT_RETURN_TYPE = YES_ERROR;
				GCC_WARN_UNDECLARED_SELECTOR = YES;
				GCC_WARN_UNINITIALIZED_AUTOS = YES_AGGRESSIVE;
				GCC_WARN_UNUSED_FUNCTION = YES;
				GCC_WARN_UNUSED_VARIABLE = YES;
				IPHONEOS_DEPLOYMENT_TARGET = 9.2;
				MTL_ENABLE_DEBUG_INFO = YES;
				ONLY_ACTIVE_ARCH = YES;
				SDKROOT = iphoneos;
				SWIFT_OPTIMIZATION_LEVEL = "-Onone";
			};
			name = Debug;
		};
		D25D0F941C7478F500AA3CAF /* Release */ = {
			isa = XCBuildConfiguration;
			buildSettings = {
				ALWAYS_SEARCH_USER_PATHS = NO;
				CLANG_CXX_LANGUAGE_STANDARD = "gnu++0x";
				CLANG_CXX_LIBRARY = "libc++";
				CLANG_ENABLE_MODULES = YES;
				CLANG_ENABLE_OBJC_ARC = YES;
				CLANG_WARN_BOOL_CONVERSION = YES;
				CLANG_WARN_CONSTANT_CONVERSION = YES;
				CLANG_WARN_DIRECT_OBJC_ISA_USAGE = YES_ERROR;
				CLANG_WARN_EMPTY_BODY = YES;
				CLANG_WARN_ENUM_CONVERSION = YES;
				CLANG_WARN_INT_CONVERSION = YES;
				CLANG_WARN_OBJC_ROOT_CLASS = YES_ERROR;
				CLANG_WARN_UNREACHABLE_CODE = YES;
				CLANG_WARN__DUPLICATE_METHOD_MATCH = YES;
				"CODE_SIGN_IDENTITY[sdk=iphoneos*]" = "iPhone Developer";
				COPY_PHASE_STRIP = NO;
				DEBUG_INFORMATION_FORMAT = "dwarf-with-dsym";
				ENABLE_NS_ASSERTIONS = NO;
				ENABLE_STRICT_OBJC_MSGSEND = YES;
				GCC_C_LANGUAGE_STANDARD = gnu99;
				GCC_NO_COMMON_BLOCKS = YES;
				GCC_WARN_64_TO_32_BIT_CONVERSION = YES;
				GCC_WARN_ABOUT_RETURN_TYPE = YES_ERROR;
				GCC_WARN_UNDECLARED_SELECTOR = YES;
				GCC_WARN_UNINITIALIZED_AUTOS = YES_AGGRESSIVE;
				GCC_WARN_UNUSED_FUNCTION = YES;
				GCC_WARN_UNUSED_VARIABLE = YES;
				IPHONEOS_DEPLOYMENT_TARGET = 9.2;
				MTL_ENABLE_DEBUG_INFO = NO;
				SDKROOT = iphoneos;
				VALIDATE_PRODUCT = YES;
			};
			name = Release;
		};
		D25D0F961C7478F500AA3CAF /* Debug */ = {
			isa = XCBuildConfiguration;
			buildSettings = {
				ASSETCATALOG_COMPILER_APPICON_NAME = AppIcon;
				INFOPLIST_FILE = Pokedex/Info.plist;
				LD_RUNPATH_SEARCH_PATHS = "$(inherited) @executable_path/Frameworks";
				PRODUCT_BUNDLE_IDENTIFIER = com.ruslansabirov.Pokedex;
				PRODUCT_NAME = "$(TARGET_NAME)";
			};
			name = Debug;
		};
		D25D0F971C7478F500AA3CAF /* Release */ = {
			isa = XCBuildConfiguration;
			buildSettings = {
				ASSETCATALOG_COMPILER_APPICON_NAME = AppIcon;
				INFOPLIST_FILE = Pokedex/Info.plist;
				LD_RUNPATH_SEARCH_PATHS = "$(inherited) @executable_path/Frameworks";
				PRODUCT_BUNDLE_IDENTIFIER = com.ruslansabirov.Pokedex;
				PRODUCT_NAME = "$(TARGET_NAME)";
			};
			name = Release;
		};
/* End XCBuildConfiguration section */

/* Begin XCConfigurationList section */
		D25D0F7E1C7478F500AA3CAF /* Build configuration list for PBXProject "Pokedex" */ = {
			isa = XCConfigurationList;
			buildConfigurations = (
				D25D0F931C7478F500AA3CAF /* Debug */,
				D25D0F941C7478F500AA3CAF /* Release */,
			);
			defaultConfigurationIsVisible = 0;
			defaultConfigurationName = Release;
		};
		D25D0F951C7478F500AA3CAF /* Build configuration list for PBXNativeTarget "Pokedex" */ = {
			isa = XCConfigurationList;
			buildConfigurations = (
				D25D0F961C7478F500AA3CAF /* Debug */,
				D25D0F971C7478F500AA3CAF /* Release */,
			);
			defaultConfigurationIsVisible = 0;
		};
/* End XCConfigurationList section */
	};
	rootObject = D25D0F7B1C7478F500AA3CAF /* Project object */;
}
